{
  "lockfileVersion": 1,
  "configVersion": 1,
  "workspaces": {
    "": {
      "name": "habitat",
      "dependencies": {
        "commander": "^14.0.0",
        "hono": "^4.12.29",
      },
    },
  },
  "packages": {
    "commander": ["commander@14.0.3", "", {}, "sha512-H+y0Jo/T1RZ9qPP4Eh1pkcQcLRglraJaSLoyOtHxu6AapkjWVCy2Sit1QQ4x3Dng8qDlSsZEet7g5Pq06MvTgw=="],

    "hono": ["hono@4.12.29", "", {}, "sha512-1hNiRjawYrLq/4m3DQQjPGFg0VZkk4RjQJDff/excI6Dm9BiL75qxGrd7/c6YOxPdq6AscP3LiXhQ6fKFC1Waw=="],
  }
}
